
Microsoft Visual Studio Solution File, Format Version 12.00
# Visual Studio Version 16
VisualStudioVersion = 16.0.28803.156
MinimumVisualStudioVersion = 10.0.40219.1
Project("{9A19103F-16F7-4668-BE54-9A1E7A4F7556}") = "Balance.Api", "BalanceApi\Balance.Api.csproj", "{C0940F09-9C03-4F23-B8AF-DA26F627915B}"
EndProject
Project("{9A19103F-16F7-4668-BE54-9A1E7A4F7556}") = "Balance.DAL", "Balance.DAL\Balance.DAL.csproj", "{B8686FA9-2AC8-424B-99C9-0463C8D26B89}"
EndProject
Project("{9A19103F-16F7-4668-BE54-9A1E7A4F7556}") = "Balance.Models", "Balance.Models\Balance.Models.csproj", "{62D0295B-FF83-47B1-9524-04DD27B549FB}"
EndProject
Project("{9A19103F-16F7-4668-BE54-9A1E7A4F7556}") = "Balance.Infrastructure", "Balance.Infrastructure\Balance.Infrastructure.csproj", "{A3DBA968-4913-490F-B33D-74A776213023}"
EndProject
Project("{9A19103F-16F7-4668-BE54-9A1E7A4F7556}") = "Balance.Services", "Balance.Services\Balance.Services.csproj", "{A62C2F3C-351D-409C-91D9-8DAE76588F2E}"
EndProject
Project("{2150E333-8FDC-42A3-9474-1A3956D46DE8}") = "src", "src", "{89F5EA1D-45C6-47D1-B1A0-1DDB649249C4}"
EndProject
Project("{2150E333-8FDC-42A3-9474-1A3956D46DE8}") = "tests", "tests", "{CC094967-9EEA-4438-B57E-97E98BAC2274}"
EndProject
Project("{9A19103F-16F7-4668-BE54-9A1E7A4F7556}") = "Balance.Tests", "Balance.Tests\Balance.Tests.csproj", "{225628BC-8283-4054-A178-ABA5E0AD8272}"
EndProject
Project("{2150E333-8FDC-42A3-9474-1A3956D46DE8}") = "trade.lib", "trade.lib", "{FF43C415-263D-4E6C-ACE2-852FEC2DB3DB}"
EndProject
Project("{FAE04EC0-301F-11D3-BF4B-00C04F79EFBC}") = "TradeLib", "TradeLib\TradeLib.csproj", "{67614F08-1302-40CE-AA39-34B1CFB3F43A}"
EndProject
Project("{FAE04EC0-301F-11D3-BF4B-00C04F79EFBC}") = "Trade.App", "Trade.App\Trade.App.csproj", "{6BD6D878-E881-4177-A339-EA0DC9F1EC89}"
EndProject
Project("{FAE04EC0-301F-11D3-BF4B-00C04F79EFBC}") = "Trade.Tests", "Trade.Tests\Trade.Tests.csproj", "{4F5C4FD9-C22A-4A1D-AB8A-3C85D776129D}"
EndProject
Global
	GlobalSection(SolutionConfigurationPlatforms) = preSolution
		Debug|Any CPU = Debug|Any CPU
		Release|Any CPU = Release|Any CPU
	EndGlobalSection
	GlobalSection(ProjectConfigurationPlatforms) = postSolution
		{C0940F09-9C03-4F23-B8AF-DA26F627915B}.Debug|Any CPU.ActiveCfg = Debug|Any CPU
		{C0940F09-9C03-4F23-B8AF-DA26F627915B}.Debug|Any CPU.Build.0 = Debug|Any CPU
		{C0940F09-9C03-4F23-B8AF-DA26F627915B}.Release|Any CPU.ActiveCfg = Release|Any CPU
		{C0940F09-9C03-4F23-B8AF-DA26F627915B}.Release|Any CPU.Build.0 = Release|Any CPU
		{B8686FA9-2AC8-424B-99C9-0463C8D26B89}.Debug|Any CPU.ActiveCfg = Debug|Any CPU
		{B8686FA9-2AC8-424B-99C9-0463C8D26B89}.Debug|Any CPU.Build.0 = Debug|Any CPU
		{B8686FA9-2AC8-424B-99C9-0463C8D26B89}.Release|Any CPU.ActiveCfg = Release|Any CPU
		{B8686FA9-2AC8-424B-99C9-0463C8D26B89}.Release|Any CPU.Build.0 = Release|Any CPU
		{62D0295B-FF83-47B1-9524-04DD27B549FB}.Debug|Any CPU.ActiveCfg = Debug|Any CPU
		{62D0295B-FF83-47B1-9524-04DD27B549FB}.Debug|Any CPU.Build.0 = Debug|Any CPU
		{62D0295B-FF83-47B1-9524-04DD27B549FB}.Release|Any CPU.ActiveCfg = Release|Any CPU
		{62D0295B-FF83-47B1-9524-04DD27B549FB}.Release|Any CPU.Build.0 = Release|Any CPU
		{A3DBA968-4913-490F-B33D-74A776213023}.Debug|Any CPU.ActiveCfg = Debug|Any CPU
		{A3DBA968-4913-490F-B33D-74A776213023}.Debug|Any CPU.Build.0 = Debug|Any CPU
		{A3DBA968-4913-490F-B33D-74A776213023}.Release|Any CPU.ActiveCfg = Release|Any CPU
		{A3DBA968-4913-490F-B33D-74A776213023}.Release|Any CPU.Build.0 = Release|Any CPU
		{A62C2F3C-351D-409C-91D9-8DAE76588F2E}.Debug|Any CPU.ActiveCfg = Debug|Any CPU
		{A62C2F3C-351D-409C-91D9-8DAE76588F2E}.Debug|Any CPU.Build.0 = Debug|Any CPU
		{A62C2F3C-351D-409C-91D9-8DAE76588F2E}.Release|Any CPU.ActiveCfg = Release|Any CPU
		{A62C2F3C-351D-409C-91D9-8DAE76588F2E}.Release|Any CPU.Build.0 = Release|Any CPU
		{225628BC-8283-4054-A178-ABA5E0AD8272}.Debug|Any CPU.ActiveCfg = Debug|Any CPU
		{225628BC-8283-4054-A178-ABA5E0AD8272}.Debug|Any CPU.Build.0 = Debug|Any CPU
		{225628BC-8283-4054-A178-ABA5E0AD8272}.Release|Any CPU.ActiveCfg = Release|Any CPU
		{225628BC-8283-4054-A178-ABA5E0AD8272}.Release|Any CPU.Build.0 = Release|Any CPU
		{67614F08-1302-40CE-AA39-34B1CFB3F43A}.Debug|Any CPU.ActiveCfg = Debug|Any CPU
		{67614F08-1302-40CE-AA39-34B1CFB3F43A}.Debug|Any CPU.Build.0 = Debug|Any CPU
		{67614F08-1302-40CE-AA39-34B1CFB3F43A}.Release|Any CPU.ActiveCfg = Release|Any CPU
		{67614F08-1302-40CE-AA39-34B1CFB3F43A}.Release|Any CPU.Build.0 = Release|Any CPU
		{6BD6D878-E881-4177-A339-EA0DC9F1EC89}.Debug|Any CPU.ActiveCfg = Debug|Any CPU
		{6BD6D878-E881-4177-A339-EA0DC9F1EC89}.Debug|Any CPU.Build.0 = Debug|Any CPU
		{6BD6D878-E881-4177-A339-EA0DC9F1EC89}.Release|Any CPU.ActiveCfg = Release|Any CPU
		{6BD6D878-E881-4177-A339-EA0DC9F1EC89}.Release|Any CPU.Build.0 = Release|Any CPU
		{4F5C4FD9-C22A-4A1D-AB8A-3C85D776129D}.Debug|Any CPU.ActiveCfg = Debug|Any CPU
		{4F5C4FD9-C22A-4A1D-AB8A-3C85D776129D}.Debug|Any CPU.Build.0 = Debug|Any CPU
		{4F5C4FD9-C22A-4A1D-AB8A-3C85D776129D}.Release|Any CPU.ActiveCfg = Release|Any CPU
		{4F5C4FD9-C22A-4A1D-AB8A-3C85D776129D}.Release|Any CPU.Build.0 = Release|Any CPU
	EndGlobalSection
	GlobalSection(SolutionProperties) = preSolution
		HideSolutionNode = FALSE
	EndGlobalSection
	GlobalSection(NestedProjects) = preSolution
		{C0940F09-9C03-4F23-B8AF-DA26F627915B} = {89F5EA1D-45C6-47D1-B1A0-1DDB649249C4}
		{B8686FA9-2AC8-424B-99C9-0463C8D26B89} = {89F5EA1D-45C6-47D1-B1A0-1DDB649249C4}
		{62D0295B-FF83-47B1-9524-04DD27B549FB} = {89F5EA1D-45C6-47D1-B1A0-1DDB649249C4}
		{A3DBA968-4913-490F-B33D-74A776213023} = {89F5EA1D-45C6-47D1-B1A0-1DDB649249C4}
		{A62C2F3C-351D-409C-91D9-8DAE76588F2E} = {89F5EA1D-45C6-47D1-B1A0-1DDB649249C4}
		{225628BC-8283-4054-A178-ABA5E0AD8272} = {CC094967-9EEA-4438-B57E-97E98BAC2274}
		{67614F08-1302-40CE-AA39-34B1CFB3F43A} = {FF43C415-263D-4E6C-ACE2-852FEC2DB3DB}
		{6BD6D878-E881-4177-A339-EA0DC9F1EC89} = {FF43C415-263D-4E6C-ACE2-852FEC2DB3DB}
		{4F5C4FD9-C22A-4A1D-AB8A-3C85D776129D} = {FF43C415-263D-4E6C-ACE2-852FEC2DB3DB}
	EndGlobalSection
	GlobalSection(ExtensibilityGlobals) = postSolution
		SolutionGuid = {D48D6864-2EAA-4352-A88D-D417154210AB}
	EndGlobalSection
EndGlobal
